<?xml version="1.0" encoding="utf-8"?>
<Project ToolsVersion="16.0" xmlns="http://schemas.microsoft.com/developer/msbuild/2003">
  <ItemGroup>
    <ClCompile Include="E:\GitHub-Projects\C\ethash\src\libethash\io.c">
      <Filter>Source Files</Filter>
    </ClCompile>
    <ClCompile Include="E:\GitHub-Projects\C\ethash\src\libethash\internal.c">
      <Filter>Source Files</Filter>
    </ClCompile>
    <ClCompile Include="E:\GitHub-Projects\C\ethash\src\libethash\util_win32.c">
      <Filter>Source Files</Filter>
    </ClCompile>
    <ClCompile Include="E:\GitHub-Projects\C\ethash\src\libethash\io_win32.c">
      <Filter>Source Files</Filter>
    </ClCompile>
    <ClCompile Include="E:\GitHub-Projects\C\ethash\src\libethash\mmap_win32.c">
      <Filter>Source Files</Filter>
    </ClCompile>
    <ClCompile Include="E:\GitHub-Projects\C\ethash\src\libethash\sha3.c">
      <Filter>Source Files</Filter>
    </ClCompile>
    <ClCompile Include="E:\GitHub-Projects\C\ethash\src\libethash\blake3\reference_impl.c">
      <Filter>Source Files</Filter>
    </ClCompile>
  </ItemGroup>
  <ItemGroup>
    <ClInclude Include="E:\GitHub-Projects\C\ethash\src\libethash\util.h">
      <Filter>Header Files</Filter>
    </ClInclude>
    <ClInclude Include="E:\GitHub-Projects\C\ethash\src\libethash\ethash.h">
      <Filter>Header Files</Filter>
    </ClInclude>
    <ClInclude Include="E:\GitHub-Projects\C\ethash\src\libethash\endian.h">
      <Filter>Header Files</Filter>
    </ClInclude>
    <ClInclude Include="E:\GitHub-Projects\C\ethash\src\libethash\compiler.h">
      <Filter>Header Files</Filter>
    </ClInclude>
    <ClInclude Include="E:\GitHub-Projects\C\ethash\src\libethash\fnv.h">
      <Filter>Header Files</Filter>
    </ClInclude>
    <ClInclude Include="E:\GitHub-Projects\C\ethash\src\libethash\data_sizes.h">
      <Filter>Header Files</Filter>
    </ClInclude>
    <ClInclude Include="E:\GitHub-Projects\C\ethash\src\libethash\sha3.h">
      <Filter>Header Files</Filter>
    </ClInclude>
    <ClInclude Include="E:\GitHub-Projects\C\ethash\src\libethash\blake3\reference_impl.h">
      <Filter>Header Files</Filter>
    </ClInclude>
  </ItemGroup>
  <ItemGroup>
    <CustomBuild Include="E:\GitHub-Projects\C\ethash\src\libethash\CMakeLists.txt" />
  </ItemGroup>
  <ItemGroup>
    <Filter Include="Header Files">
      <UniqueIdentifier>{2C26F788-08BC-38B6-A573-C437A3298F6E}</UniqueIdentifier>
    </Filter>
    <Filter Include="Source Files">
      <UniqueIdentifier>{CF7F2D09-9A61-3DBA-81A0-659F2A812AA4}</UniqueIdentifier>
    </Filter>
  </ItemGroup>
</Project>
