<?xml version="1.0" encoding="utf-8"?>
<Project ToolsVersion="16.0" xmlns="http://schemas.microsoft.com/developer/msbuild/2003">
  <ItemGroup>
    <ClCompile Include="E:\GitHub-Projects\C\ethash\src\benchmark\benchmark.cpp">
      <Filter>Source Files</Filter>
    </ClCompile>
  </ItemGroup>
  <ItemGroup>
    <CustomBuild Include="E:\GitHub-Projects\C\ethash\src\benchmark\CMakeLists.txt" />
  </ItemGroup>
  <ItemGroup>
    <Filter Include="Source Files">
      <UniqueIdentifier>{CF7F2D09-9A61-3DBA-81A0-659F2A812AA4}</UniqueIdentifier>
    </Filter>
  </ItemGroup>
</Project>
